{
  "name": "stub",
  "version": "1.0.0",
  "lockfileVersion": 1,
  "requires": true,
  "dependencies": {
    "pico-common": {
      "version": "0.14.4",
      "resolved": "https://registry.npmjs.org/pico-common/-/pico-common-0.14.4.tgz",
      "integrity": "sha512-NgPywBAFgyJGQdsOBeyTmqFO9obpzH8tECJJY5nvgbWRUIAVeFovZC7L3f2fLZLjtdj57jW3bBbAIZwQUL76cQ=="
    }
  }
}
